
Microsoft Visual Studio Solution File, Format Version 12.00
# Visual Studio Version 17
VisualStudioVersion = 17.3.32922.545
MinimumVisualStudioVersion = 10.0.40219.1
Project("{FAE04EC0-301F-11D3-BF4B-00C04F79EFBC}") = "asal", "asal\asal.csproj", "{4057CD53-9046-4342-8857-5F9B8FA4B399}"
EndProject
Global
	GlobalSection(SolutionConfigurationPlatforms) = preSolution
		Debug|Any CPU = Debug|Any CPU
		Release|Any CPU = Release|Any CPU
	EndGlobalSection
	GlobalSection(ProjectConfigurationPlatforms) = postSolution
		{4057CD53-9046-4342-8857-5F9B8FA4B399}.Debug|Any CPU.ActiveCfg = Debug|Any CPU
		{4057CD53-9046-4342-8857-5F9B8FA4B399}.Debug|Any CPU.Build.0 = Debug|Any CPU
		{4057CD53-9046-4342-8857-5F9B8FA4B399}.Release|Any CPU.ActiveCfg = Release|Any CPU
		{4057CD53-9046-4342-8857-5F9B8FA4B399}.Release|Any CPU.Build.0 = Release|Any CPU
	EndGlobalSection
	GlobalSection(SolutionProperties) = preSolution
		HideSolutionNode = FALSE
	EndGlobalSection
	GlobalSection(ExtensibilityGlobals) = postSolution
		SolutionGuid = {FD145DE2-713F-452D-8584-C0900A22E91F}
	EndGlobalSection
EndGlobal
